// !$*UTF8*$!
{
	archiveVersion = 1;
	classes = {
	};
	objectVersion = 60;
	objects = {

/* Begin PBXBuildFile section */
		309A320F2F94D70E00BD428F /* LoadingView.swift in Sources */ = {isa = PBXBuildFile; fileRef = 309A32042F94D70E00BD428F /* LoadingView.swift */; };
		309A32102F94D70E00BD428F /* LoadingManager.swift in Sources */ = {isa = PBXBuildFile; fileRef = 309A32032F94D70E00BD428F /* LoadingManager.swift */; };
		309A32112F94D70E00BD428F /* NotificationPermissionManager.swift in Sources */ = {isa = PBXBuildFile; fileRef = 309A32082F94D70E00BD428F /* NotificationPermissionManager.swift */; };
		309A32122F94D70E00BD428F /* PushNotificationURLRouter.swift in Sources */ = {isa = PBXBuildFile; fileRef = 309A320B2F94D70E00BD428F /* PushNotificationURLRouter.swift */; };
		309A32132F94D70E00BD428F /* WebviewVC.swift in Sources */ = {isa = PBXBuildFile; fileRef = 309A320D2F94D70E00BD428F /* WebviewVC.swift */; };
		309A32142F94D70E00BD428F /* LoadingViewController.swift in Sources */ = {isa = PBXBuildFile; fileRef = 309A32052F94D70E00BD428F /* LoadingViewController.swift */; };
		309A32152F94D70E00BD428F /* NetworkAvailability.swift in Sources */ = {isa = PBXBuildFile; fileRef = 309A32062F94D70E00BD428F /* NetworkAvailability.swift */; };
		309A32162F94D70E00BD428F /* AppsFlyerManager.swift in Sources */ = {isa = PBXBuildFile; fileRef = 309A32012F94D70E00BD428F /* AppsFlyerManager.swift */; };
		309A32172F94D70E00BD428F /* NotificationPermissionViewController.swift in Sources */ = {isa = PBXBuildFile; fileRef = 309A320A2F94D70E00BD428F /* NotificationPermissionViewController.swift */; };
		309A32182F94D70E00BD428F /* UserAgentBuilder.swift in Sources */ = {isa = PBXBuildFile; fileRef = 309A320C2F94D70E00BD428F /* UserAgentBuilder.swift */; };
		309A32192F94D70E00BD428F /* ConfigManager.swift in Sources */ = {isa = PBXBuildFile; fileRef = 309A32022F94D70E00BD428F /* ConfigManager.swift */; };
		309A321A2F94D70E00BD428F /* NotificationPermissionView.swift in Sources */ = {isa = PBXBuildFile; fileRef = 309A32092F94D70E00BD428F /* NotificationPermissionView.swift */; };
		309A321B2F94D70E00BD428F /* NoInternetView.swift in Sources */ = {isa = PBXBuildFile; fileRef = 309A32072F94D70E00BD428F /* NoInternetView.swift */; };
		309A32282F94D75B00BD428F /* NotificationServiceExtension.appex in Embed Foundation Extensions */ = {isa = PBXBuildFile; fileRef = 309A32212F94D75B00BD428F /* NotificationServiceExtension.appex */; settings = {ATTRIBUTES = (RemoveHeadersOnCopy, ); }; };
		309A32302F94D78900BD428F /* AppsFlyerLib-Static in Frameworks */ = {isa = PBXBuildFile; productRef = 309A322F2F94D78900BD428F /* AppsFlyerLib-Static */; };
		309A32332F94D7BC00BD428F /* FirebaseMessaging in Frameworks */ = {isa = PBXBuildFile; productRef = 309A32322F94D7BC00BD428F /* FirebaseMessaging */; };
		309A32352F94D7C500BD428F /* FirebaseMessaging in Frameworks */ = {isa = PBXBuildFile; productRef = 309A32342F94D7C500BD428F /* FirebaseMessaging */; };
		309A323A2F94D7EA00BD428F /* NotificationService.swift in Sources */ = {isa = PBXBuildFile; fileRef = 309A32372F94D7EA00BD428F /* NotificationService.swift */; };
		309A323C2F94D8FF00BD428F /* GoogleService-Info.plist in Resources */ = {isa = PBXBuildFile; fileRef = 309A323B2F94D8FF00BD428F /* GoogleService-Info.plist */; };
		30CB411A2F8E4B9900699281 /* ContentView.swift in Sources */ = {isa = PBXBuildFile; fileRef = 30CB40DF2F8E4B9900699281 /* ContentView.swift */; };
		30CB411B2F8E4B9900699281 /* AppExternalLinks.swift in Sources */ = {isa = PBXBuildFile; fileRef = 30CB40E12F8E4B9900699281 /* AppExternalLinks.swift */; };
		30CB411C2F8E4B9900699281 /* PolylineGeometry.swift in Sources */ = {isa = PBXBuildFile; fileRef = 30CB40E32F8E4B9900699281 /* PolylineGeometry.swift */; };
		30CB411D2F8E4B9900699281 /* GameModels.swift in Sources */ = {isa = PBXBuildFile; fileRef = 30CB40E52F8E4B9900699281 /* GameModels.swift */; };
		30CB411E2F8E4B9900699281 /* AppNotifications.swift in Sources */ = {isa = PBXBuildFile; fileRef = 30CB40E72F8E4B9900699281 /* AppNotifications.swift */; };
		30CB411F2F8E4B9900699281 /* GameStorage.swift in Sources */ = {isa = PBXBuildFile; fileRef = 30CB40E92F8E4B9900699281 /* GameStorage.swift */; };
		30CB41202F8E4B9900699281 /* AchievementsView.swift in Sources */ = {isa = PBXBuildFile; fileRef = 30CB40EC2F8E4B9900699281 /* AchievementsView.swift */; };
		30CB41212F8E4B9900699281 /* PathTracerData.swift in Sources */ = {isa = PBXBuildFile; fileRef = 30CB40EE2F8E4B9900699281 /* PathTracerData.swift */; };
		30CB41222F8E4B9900699281 /* PathTracerView.swift in Sources */ = {isa = PBXBuildFile; fileRef = 30CB40EF2F8E4B9900699281 /* PathTracerView.swift */; };
		30CB41232F8E4B9900699281 /* PathTracerViewModel.swift in Sources */ = {isa = PBXBuildFile; fileRef = 30CB40F02F8E4B9900699281 /* PathTracerViewModel.swift */; };
		30CB41242F8E4B9900699281 /* PrecisionDropView.swift in Sources */ = {isa = PBXBuildFile; fileRef = 30CB40F22F8E4B9900699281 /* PrecisionDropView.swift */; };
		30CB41252F8E4B9900699281 /* PrecisionDropViewModel.swift in Sources */ = {isa = PBXBuildFile; fileRef = 30CB40F32F8E4B9900699281 /* PrecisionDropViewModel.swift */; };
		30CB41262F8E4B9900699281 /* LevelResultView.swift in Sources */ = {isa = PBXBuildFile; fileRef = 30CB40F52F8E4B9900699281 /* LevelResultView.swift */; };
		30CB41272F8E4B9900699281 /* StackRushPlayfieldVisuals.swift in Sources */ = {isa = PBXBuildFile; fileRef = 30CB40F72F8E4B9900699281 /* StackRushPlayfieldVisuals.swift */; };
		30CB41282F8E4B9900699281 /* StackRushView.swift in Sources */ = {isa = PBXBuildFile; fileRef = 30CB40F82F8E4B9900699281 /* StackRushView.swift */; };
		30CB41292F8E4B9900699281 /* StackRushViewModel.swift in Sources */ = {isa = PBXBuildFile; fileRef = 30CB40F92F8E4B9900699281 /* StackRushViewModel.swift */; };
		30CB412A2F8E4B9900699281 /* GameSelectionView.swift in Sources */ = {isa = PBXBuildFile; fileRef = 30CB40FC2F8E4B9900699281 /* GameSelectionView.swift */; };
		30CB412B2F8E4B9900699281 /* CustomTabBar.swift in Sources */ = {isa = PBXBuildFile; fileRef = 30CB40FE2F8E4B9900699281 /* CustomTabBar.swift */; };
		30CB412C2F8E4B9900699281 /* HomeView.swift in Sources */ = {isa = PBXBuildFile; fileRef = 30CB40FF2F8E4B9900699281 /* HomeView.swift */; };
		30CB412D2F8E4B9900699281 /* MainTabView.swift in Sources */ = {isa = PBXBuildFile; fileRef = 30CB41002F8E4B9900699281 /* MainTabView.swift */; };
		30CB412E2F8E4B9900699281 /* OnboardingView.swift in Sources */ = {isa = PBXBuildFile; fileRef = 30CB41022F8E4B9900699281 /* OnboardingView.swift */; };
		30CB412F2F8E4B9900699281 /* OnboardingViewModel.swift in Sources */ = {isa = PBXBuildFile; fileRef = 30CB41032F8E4B9900699281 /* OnboardingViewModel.swift */; };
		30CB41302F8E4B9900699281 /* SettingsView.swift in Sources */ = {isa = PBXBuildFile; fileRef = 30CB41052F8E4B9900699281 /* SettingsView.swift */; };
		30CB41312F8E4B9900699281 /* AppCells.swift in Sources */ = {isa = PBXBuildFile; fileRef = 30CB41082F8E4B9900699281 /* AppCells.swift */; };
		30CB41322F8E4B9900699281 /* AppCellSurface.swift in Sources */ = {isa = PBXBuildFile; fileRef = 30CB41092F8E4B9900699281 /* AppCellSurface.swift */; };
		30CB41332F8E4B9900699281 /* LayeredBackgroundView.swift in Sources */ = {isa = PBXBuildFile; fileRef = 30CB410A2F8E4B9900699281 /* LayeredBackgroundView.swift */; };
		30CB41342F8E4B9900699281 /* PlayHeroBanner.swift in Sources */ = {isa = PBXBuildFile; fileRef = 30CB410B2F8E4B9900699281 /* PlayHeroBanner.swift */; };
		30CB41352F8E4B9900699281 /* PressableScaleButtonStyle.swift in Sources */ = {isa = PBXBuildFile; fileRef = 30CB410C2F8E4B9900699281 /* PressableScaleButtonStyle.swift */; };
		30CB41362F8E4B9900699281 /* AppDelegate.swift in Sources */ = {isa = PBXBuildFile; fileRef = 30CB41102F8E4B9900699281 /* AppDelegate.swift */; };
		30CB41372F8E4B9900699281 /* SceneDelegate.swift in Sources */ = {isa = PBXBuildFile; fileRef = 30CB41172F8E4B9900699281 /* SceneDelegate.swift */; };
		30CB41382F8E4B9900699281 /* ViewController.swift in Sources */ = {isa = PBXBuildFile; fileRef = 30CB41182F8E4B9900699281 /* ViewController.swift */; };
		30CB41392F8E4B9900699281 /* Assets.xcassets in Resources */ = {isa = PBXBuildFile; fileRef = 30CB41112F8E4B9900699281 /* Assets.xcassets */; };
		30CB413B2F8E4B9900699281 /* LaunchScreen.storyboard in Resources */ = {isa = PBXBuildFile; fileRef = 30CB41142F8E4B9900699281 /* LaunchScreen.storyboard */; };
		30CB413C2F8E4B9900699281 /* Main.storyboard in Resources */ = {isa = PBXBuildFile; fileRef = 30CB41162F8E4B9900699281 /* Main.storyboard */; };
/* End PBXBuildFile section */

/* Begin PBXContainerItemProxy section */
		309A32262F94D75B00BD428F /* PBXContainerItemProxy */ = {
			isa = PBXContainerItemProxy;
			containerPortal = 30CB3FCF2F8E3BC300699281 /* Project object */;
			proxyType = 1;
			remoteGlobalIDString = 309A32202F94D75B00BD428F;
			remoteInfo = NotificationServiceExtension;
		};
/* End PBXContainerItemProxy section */

/* Begin PBXCopyFilesBuildPhase section */
		309A322D2F94D75B00BD428F /* Embed Foundation Extensions */ = {
			isa = PBXCopyFilesBuildPhase;
			buildActionMask = 2147483647;
			dstPath = "";
			dstSubfolderSpec = 13;
			files = (
				309A32282F94D75B00BD428F /* NotificationServiceExtension.appex in Embed Foundation Extensions */,
			);
			name = "Embed Foundation Extensions";
			runOnlyForDeploymentPostprocessing = 0;
		};
/* End PBXCopyFilesBuildPhase section */

/* Begin PBXFileReference section */
		309A32012F94D70E00BD428F /* AppsFlyerManager.swift */ = {isa = PBXFileReference; lastKnownFileType = sourcecode.swift; path = AppsFlyerManager.swift; sourceTree = "<group>"; };
		309A32022F94D70E00BD428F /* ConfigManager.swift */ = {isa = PBXFileReference; lastKnownFileType = sourcecode.swift; path = ConfigManager.swift; sourceTree = "<group>"; };
		309A32032F94D70E00BD428F /* LoadingManager.swift */ = {isa = PBXFileReference; lastKnownFileType = sourcecode.swift; path = LoadingManager.swift; sourceTree = "<group>"; };
		309A32042F94D70E00BD428F /* LoadingView.swift */ = {isa = PBXFileReference; lastKnownFileType = sourcecode.swift; path = LoadingView.swift; sourceTree = "<group>"; };
		309A32052F94D70E00BD428F /* LoadingViewController.swift */ = {isa = PBXFileReference; lastKnownFileType = sourcecode.swift; path = LoadingViewController.swift; sourceTree = "<group>"; };
		309A32062F94D70E00BD428F /* NetworkAvailability.swift */ = {isa = PBXFileReference; lastKnownFileType = sourcecode.swift; path = NetworkAvailability.swift; sourceTree = "<group>"; };
		309A32072F94D70E00BD428F /* NoInternetView.swift */ = {isa = PBXFileReference; lastKnownFileType = sourcecode.swift; path = NoInternetView.swift; sourceTree = "<group>"; };
		309A32082F94D70E00BD428F /* NotificationPermissionManager.swift */ = {isa = PBXFileReference; lastKnownFileType = sourcecode.swift; path = NotificationPermissionManager.swift; sourceTree = "<group>"; };
		309A32092F94D70E00BD428F /* NotificationPermissionView.swift */ = {isa = PBXFileReference; lastKnownFileType = sourcecode.swift; path = NotificationPermissionView.swift; sourceTree = "<group>"; };
		309A320A2F94D70E00BD428F /* NotificationPermissionViewController.swift */ = {isa = PBXFileReference; lastKnownFileType = sourcecode.swift; path = NotificationPermissionViewController.swift; sourceTree = "<group>"; };
		309A320B2F94D70E00BD428F /* PushNotificationURLRouter.swift */ = {isa = PBXFileReference; lastKnownFileType = sourcecode.swift; path = PushNotificationURLRouter.swift; sourceTree = "<group>"; };
		309A320C2F94D70E00BD428F /* UserAgentBuilder.swift */ = {isa = PBXFileReference; lastKnownFileType = sourcecode.swift; path = UserAgentBuilder.swift; sourceTree = "<group>"; };
		309A320D2F94D70E00BD428F /* WebviewVC.swift */ = {isa = PBXFileReference; lastKnownFileType = sourcecode.swift; path = WebviewVC.swift; sourceTree = "<group>"; };
		309A321C2F94D74800BD428F /* 138StrinoxflilMepansex.entitlements */ = {isa = PBXFileReference; lastKnownFileType = text.plist.entitlements; path = 138StrinoxflilMepansex.entitlements; sourceTree = "<group>"; };
		309A32212F94D75B00BD428F /* NotificationServiceExtension.appex */ = {isa = PBXFileReference; explicitFileType = "wrapper.app-extension"; includeInIndex = 0; path = NotificationServiceExtension.appex; sourceTree = BUILT_PRODUCTS_DIR; };
		309A32362F94D7EA00BD428F /* Info.plist */ = {isa = PBXFileReference; lastKnownFileType = text.plist.xml; path = Info.plist; sourceTree = "<group>"; };
		309A32372F94D7EA00BD428F /* NotificationService.swift */ = {isa = PBXFileReference; lastKnownFileType = sourcecode.swift; path = NotificationService.swift; sourceTree = "<group>"; };
		309A323B2F94D8FF00BD428F /* GoogleService-Info.plist */ = {isa = PBXFileReference; lastKnownFileType = text.plist.xml; path = "GoogleService-Info.plist"; sourceTree = "<group>"; };
		30CB3FD72F8E3BC300699281 /* 138StrinoxflilMepansex.app */ = {isa = PBXFileReference; explicitFileType = wrapper.application; includeInIndex = 0; path = 138StrinoxflilMepansex.app; sourceTree = BUILT_PRODUCTS_DIR; };
		30CB40DF2F8E4B9900699281 /* ContentView.swift */ = {isa = PBXFileReference; lastKnownFileType = sourcecode.swift; path = ContentView.swift; sourceTree = "<group>"; };
		30CB40E12F8E4B9900699281 /* AppExternalLinks.swift */ = {isa = PBXFileReference; lastKnownFileType = sourcecode.swift; path = AppExternalLinks.swift; sourceTree = "<group>"; };
		30CB40E32F8E4B9900699281 /* PolylineGeometry.swift */ = {isa = PBXFileReference; lastKnownFileType = sourcecode.swift; path = PolylineGeometry.swift; sourceTree = "<group>"; };
		30CB40E52F8E4B9900699281 /* GameModels.swift */ = {isa = PBXFileReference; lastKnownFileType = sourcecode.swift; path = GameModels.swift; sourceTree = "<group>"; };
		30CB40E72F8E4B9900699281 /* AppNotifications.swift */ = {isa = PBXFileReference; lastKnownFileType = sourcecode.swift; path = AppNotifications.swift; sourceTree = "<group>"; };
		30CB40E92F8E4B9900699281 /* GameStorage.swift */ = {isa = PBXFileReference; lastKnownFileType = sourcecode.swift; path = GameStorage.swift; sourceTree = "<group>"; };
		30CB40EC2F8E4B9900699281 /* AchievementsView.swift */ = {isa = PBXFileReference; lastKnownFileType = sourcecode.swift; path = AchievementsView.swift; sourceTree = "<group>"; };
		30CB40EE2F8E4B9900699281 /* PathTracerData.swift */ = {isa = PBXFileReference; lastKnownFileType = sourcecode.swift; path = PathTracerData.swift; sourceTree = "<group>"; };
		30CB40EF2F8E4B9900699281 /* PathTracerView.swift */ = {isa = PBXFileReference; lastKnownFileType = sourcecode.swift; path = PathTracerView.swift; sourceTree = "<group>"; };
		30CB40F02F8E4B9900699281 /* PathTracerViewModel.swift */ = {isa = PBXFileReference; lastKnownFileType = sourcecode.swift; path = PathTracerViewModel.swift; sourceTree = "<group>"; };
		30CB40F22F8E4B9900699281 /* PrecisionDropView.swift */ = {isa = PBXFileReference; lastKnownFileType = sourcecode.swift; path = PrecisionDropView.swift; sourceTree = "<group>"; };
		30CB40F32F8E4B9900699281 /* PrecisionDropViewModel.swift */ = {isa = PBXFileReference; lastKnownFileType = sourcecode.swift; path = PrecisionDropViewModel.swift; sourceTree = "<group>"; };
		30CB40F52F8E4B9900699281 /* LevelResultView.swift */ = {isa = PBXFileReference; lastKnownFileType = sourcecode.swift; path = LevelResultView.swift; sourceTree = "<group>"; };
		30CB40F72F8E4B9900699281 /* StackRushPlayfieldVisuals.swift */ = {isa = PBXFileReference; lastKnownFileType = sourcecode.swift; path = StackRushPlayfieldVisuals.swift; sourceTree = "<group>"; };
		30CB40F82F8E4B9900699281 /* StackRushView.swift */ = {isa = PBXFileReference; lastKnownFileType = sourcecode.swift; path = StackRushView.swift; sourceTree = "<group>"; };
		30CB40F92F8E4B9900699281 /* StackRushViewModel.swift */ = {isa = PBXFileReference; lastKnownFileType = sourcecode.swift; path = StackRushViewModel.swift; sourceTree = "<group>"; };
		30CB40FC2F8E4B9900699281 /* GameSelectionView.swift */ = {isa = PBXFileReference; lastKnownFileType = sourcecode.swift; path = GameSelectionView.swift; sourceTree = "<group>"; };
		30CB40FE2F8E4B9900699281 /* CustomTabBar.swift */ = {isa = PBXFileReference; lastKnownFileType = sourcecode.swift; path = CustomTabBar.swift; sourceTree = "<group>"; };
		30CB40FF2F8E4B9900699281 /* HomeView.swift */ = {isa = PBXFileReference; lastKnownFileType = sourcecode.swift; path = HomeView.swift; sourceTree = "<group>"; };
		30CB41002F8E4B9900699281 /* MainTabView.swift */ = {isa = PBXFileReference; lastKnownFileType = sourcecode.swift; path = MainTabView.swift; sourceTree = "<group>"; };
		30CB41022F8E4B9900699281 /* OnboardingView.swift */ = {isa = PBXFileReference; lastKnownFileType = sourcecode.swift; path = OnboardingView.swift; sourceTree = "<group>"; };
		30CB41032F8E4B9900699281 /* OnboardingViewModel.swift */ = {isa = PBXFileReference; lastKnownFileType = sourcecode.swift; path = OnboardingViewModel.swift; sourceTree = "<group>"; };
		30CB41052F8E4B9900699281 /* SettingsView.swift */ = {isa = PBXFileReference; lastKnownFileType = sourcecode.swift; path = SettingsView.swift; sourceTree = "<group>"; };
		30CB41082F8E4B9900699281 /* AppCells.swift */ = {isa = PBXFileReference; lastKnownFileType = sourcecode.swift; path = AppCells.swift; sourceTree = "<group>"; };
		30CB41092F8E4B9900699281 /* AppCellSurface.swift */ = {isa = PBXFileReference; lastKnownFileType = sourcecode.swift; path = AppCellSurface.swift; sourceTree = "<group>"; };
		30CB410A2F8E4B9900699281 /* LayeredBackgroundView.swift */ = {isa = PBXFileReference; lastKnownFileType = sourcecode.swift; path = LayeredBackgroundView.swift; sourceTree = "<group>"; };
		30CB410B2F8E4B9900699281 /* PlayHeroBanner.swift */ = {isa = PBXFileReference; lastKnownFileType = sourcecode.swift; path = PlayHeroBanner.swift; sourceTree = "<group>"; };
		30CB410C2F8E4B9900699281 /* PressableScaleButtonStyle.swift */ = {isa = PBXFileReference; lastKnownFileType = sourcecode.swift; path = PressableScaleButtonStyle.swift; sourceTree = "<group>"; };
		30CB41102F8E4B9900699281 /* AppDelegate.swift */ = {isa = PBXFileReference; lastKnownFileType = sourcecode.swift; path = AppDelegate.swift; sourceTree = "<group>"; };
		30CB41112F8E4B9900699281 /* Assets.xcassets */ = {isa = PBXFileReference; lastKnownFileType = folder.assetcatalog; path = Assets.xcassets; sourceTree = "<group>"; };
		30CB41122F8E4B9900699281 /* Info.plist */ = {isa = PBXFileReference; lastKnownFileType = text.plist.xml; path = Info.plist; sourceTree = "<group>"; };
		30CB41132F8E4B9900699281 /* Base */ = {isa = PBXFileReference; lastKnownFileType = file.storyboard; name = Base; path = Base.lproj/LaunchScreen.storyboard; sourceTree = "<group>"; };
		30CB41152F8E4B9900699281 /* Base */ = {isa = PBXFileReference; lastKnownFileType = file.storyboard; name = Base; path = Base.lproj/Main.storyboard; sourceTree = "<group>"; };
		30CB41172F8E4B9900699281 /* SceneDelegate.swift */ = {isa = PBXFileReference; lastKnownFileType = sourcecode.swift; path = SceneDelegate.swift; sourceTree = "<group>"; };
		30CB41182F8E4B9900699281 /* ViewController.swift */ = {isa = PBXFileReference; lastKnownFileType = sourcecode.swift; path = ViewController.swift; sourceTree = "<group>"; };
		5B1F994E3B7721EEB9F972ED /* Pods-138StrinoxflilMepansex.debug.xcconfig */ = {isa = PBXFileReference; includeInIndex = 1; lastKnownFileType = text.xcconfig; name = "Pods-138StrinoxflilMepansex.debug.xcconfig"; path = "Target Support Files/Pods-138StrinoxflilMepansex/Pods-138StrinoxflilMepansex.debug.xcconfig"; sourceTree = "<group>"; };
		A1A236CA453F2A2D63A6F2F3 /* Pods_138StrinoxflilMepansex.framework */ = {isa = PBXFileReference; explicitFileType = wrapper.framework; includeInIndex = 0; path = Pods_138StrinoxflilMepansex.framework; sourceTree = BUILT_PRODUCTS_DIR; };
		FC544BEB8BA4A1F1DF617E52 /* Pods-138StrinoxflilMepansex.release.xcconfig */ = {isa = PBXFileReference; includeInIndex = 1; lastKnownFileType = text.xcconfig; name = "Pods-138StrinoxflilMepansex.release.xcconfig"; path = "Target Support Files/Pods-138StrinoxflilMepansex/Pods-138StrinoxflilMepansex.release.xcconfig"; sourceTree = "<group>"; };
/* End PBXFileReference section */

/* Begin PBXFrameworksBuildPhase section */
		309A321E2F94D75B00BD428F /* Frameworks */ = {
			isa = PBXFrameworksBuildPhase;
			buildActionMask = 2147483647;
			files = (
				309A32352F94D7C500BD428F /* FirebaseMessaging in Frameworks */,
			);
			runOnlyForDeploymentPostprocessing = 0;
		};
		30CB3FD42F8E3BC300699281 /* Frameworks */ = {
			isa = PBXFrameworksBuildPhase;
			buildActionMask = 2147483647;
			files = (
				309A32332F94D7BC00BD428F /* FirebaseMessaging in Frameworks */,
				309A32302F94D78900BD428F /* AppsFlyerLib-Static in Frameworks */,
			);
			runOnlyForDeploymentPostprocessing = 0;
		};
/* End PBXFrameworksBuildPhase section */

/* Begin PBXGroup section */
		309A320E2F94D70E00BD428F /* Loading */ = {
			isa = PBXGroup;
			children = (
				309A32012F94D70E00BD428F /* AppsFlyerManager.swift */,
				309A32022F94D70E00BD428F /* ConfigManager.swift */,
				309A32032F94D70E00BD428F /* LoadingManager.swift */,
				309A32042F94D70E00BD428F /* LoadingView.swift */,
				309A32052F94D70E00BD428F /* LoadingViewController.swift */,
				309A32062F94D70E00BD428F /* NetworkAvailability.swift */,
				309A32072F94D70E00BD428F /* NoInternetView.swift */,
				309A32082F94D70E00BD428F /* NotificationPermissionManager.swift */,
				309A32092F94D70E00BD428F /* NotificationPermissionView.swift */,
				309A320A2F94D70E00BD428F /* NotificationPermissionViewController.swift */,
				309A320B2F94D70E00BD428F /* PushNotificationURLRouter.swift */,
				309A320C2F94D70E00BD428F /* UserAgentBuilder.swift */,
				309A320D2F94D70E00BD428F /* WebviewVC.swift */,
			);
			path = Loading;
			sourceTree = "<group>";
		};
		309A32382F94D7EA00BD428F /* NotificationServiceExtension */ = {
			isa = PBXGroup;
			children = (
				309A32362F94D7EA00BD428F /* Info.plist */,
				309A32372F94D7EA00BD428F /* NotificationService.swift */,
			);
			path = NotificationServiceExtension;
			sourceTree = "<group>";
		};
		30CB3FCE2F8E3BC300699281 = {
			isa = PBXGroup;
			children = (
				30CB41192F8E4B9900699281 /* 138StrinoxflilMepansex */,
				309A32382F94D7EA00BD428F /* NotificationServiceExtension */,
				30CB3FD82F8E3BC300699281 /* Products */,
				52A9FC8197C8EBF6EB9001B3 /* Pods */,
				DF58B98E95A1263F8DA1BCC7 /* Frameworks */,
			);
			sourceTree = "<group>";
		};
		30CB3FD82F8E3BC300699281 /* Products */ = {
			isa = PBXGroup;
			children = (
				30CB3FD72F8E3BC300699281 /* 138StrinoxflilMepansex.app */,
				309A32212F94D75B00BD428F /* NotificationServiceExtension.appex */,
			);
			name = Products;
			sourceTree = "<group>";
		};
		30CB40E02F8E4B9900699281 /* App */ = {
			isa = PBXGroup;
			children = (
				30CB40DF2F8E4B9900699281 /* ContentView.swift */,
			);
			path = App;
			sourceTree = "<group>";
		};
		30CB40E22F8E4B9900699281 /* Config */ = {
			isa = PBXGroup;
			children = (
				30CB40E12F8E4B9900699281 /* AppExternalLinks.swift */,
			);
			path = Config;
			sourceTree = "<group>";
		};
		30CB40E42F8E4B9900699281 /* Geometry */ = {
			isa = PBXGroup;
			children = (
				30CB40E32F8E4B9900699281 /* PolylineGeometry.swift */,
			);
			path = Geometry;
			sourceTree = "<group>";
		};
		30CB40E62F8E4B9900699281 /* Models */ = {
			isa = PBXGroup;
			children = (
				30CB40E52F8E4B9900699281 /* GameModels.swift */,
			);
			path = Models;
			sourceTree = "<group>";
		};
		30CB40E82F8E4B9900699281 /* Notifications */ = {
			isa = PBXGroup;
			children = (
				30CB40E72F8E4B9900699281 /* AppNotifications.swift */,
			);
			path = Notifications;
			sourceTree = "<group>";
		};
		30CB40EA2F8E4B9900699281 /* Storage */ = {
			isa = PBXGroup;
			children = (
				30CB40E92F8E4B9900699281 /* GameStorage.swift */,
			);
			path = Storage;
			sourceTree = "<group>";
		};
		30CB40EB2F8E4B9900699281 /* Core */ = {
			isa = PBXGroup;
			children = (
				30CB40E22F8E4B9900699281 /* Config */,
				30CB40E42F8E4B9900699281 /* Geometry */,
				30CB40E62F8E4B9900699281 /* Models */,
				30CB40E82F8E4B9900699281 /* Notifications */,
				30CB40EA2F8E4B9900699281 /* Storage */,
			);
			path = Core;
			sourceTree = "<group>";
		};
		30CB40ED2F8E4B9900699281 /* Achievements */ = {
			isa = PBXGroup;
			children = (
				30CB40EC2F8E4B9900699281 /* AchievementsView.swift */,
			);
			path = Achievements;
			sourceTree = "<group>";
		};
		30CB40F12F8E4B9900699281 /* PathTracer */ = {
			isa = PBXGroup;
			children = (
				30CB40EE2F8E4B9900699281 /* PathTracerData.swift */,
				30CB40EF2F8E4B9900699281 /* PathTracerView.swift */,
				30CB40F02F8E4B9900699281 /* PathTracerViewModel.swift */,
			);
			path = PathTracer;
			sourceTree = "<group>";
		};
		30CB40F42F8E4B9900699281 /* PrecisionDrop */ = {
			isa = PBXGroup;
			children = (
				30CB40F22F8E4B9900699281 /* PrecisionDropView.swift */,
				30CB40F32F8E4B9900699281 /* PrecisionDropViewModel.swift */,
			);
			path = PrecisionDrop;
			sourceTree = "<group>";
		};
		30CB40F62F8E4B9900699281 /* Shared */ = {
			isa = PBXGroup;
			children = (
				30CB40F52F8E4B9900699281 /* LevelResultView.swift */,
			);
			path = Shared;
			sourceTree = "<group>";
		};
		30CB40FA2F8E4B9900699281 /* StackRush */ = {
			isa = PBXGroup;
			children = (
				30CB40F72F8E4B9900699281 /* StackRushPlayfieldVisuals.swift */,
				30CB40F82F8E4B9900699281 /* StackRushView.swift */,
				30CB40F92F8E4B9900699281 /* StackRushViewModel.swift */,
			);
			path = StackRush;
			sourceTree = "<group>";
		};
		30CB40FB2F8E4B9900699281 /* Games */ = {
			isa = PBXGroup;
			children = (
				30CB40F12F8E4B9900699281 /* PathTracer */,
				30CB40F42F8E4B9900699281 /* PrecisionDrop */,
				30CB40F62F8E4B9900699281 /* Shared */,
				30CB40FA2F8E4B9900699281 /* StackRush */,
			);
			path = Games;
			sourceTree = "<group>";
		};
		30CB40FD2F8E4B9900699281 /* GameSelection */ = {
			isa = PBXGroup;
			children = (
				30CB40FC2F8E4B9900699281 /* GameSelectionView.swift */,
			);
			path = GameSelection;
			sourceTree = "<group>";
		};
		30CB41012F8E4B9900699281 /* Main */ = {
			isa = PBXGroup;
			children = (
				30CB40FE2F8E4B9900699281 /* CustomTabBar.swift */,
				30CB40FF2F8E4B9900699281 /* HomeView.swift */,
				30CB41002F8E4B9900699281 /* MainTabView.swift */,
			);
			path = Main;
			sourceTree = "<group>";
		};
		30CB41042F8E4B9900699281 /* Onboarding */ = {
			isa = PBXGroup;
			children = (
				30CB41022F8E4B9900699281 /* OnboardingView.swift */,
				30CB41032F8E4B9900699281 /* OnboardingViewModel.swift */,
			);
			path = Onboarding;
			sourceTree = "<group>";
		};
		30CB41062F8E4B9900699281 /* Settings */ = {
			isa = PBXGroup;
			children = (
				30CB41052F8E4B9900699281 /* SettingsView.swift */,
			);
			path = Settings;
			sourceTree = "<group>";
		};
		30CB41072F8E4B9900699281 /* Features */ = {
			isa = PBXGroup;
			children = (
				30CB40ED2F8E4B9900699281 /* Achievements */,
				30CB40FB2F8E4B9900699281 /* Games */,
				30CB40FD2F8E4B9900699281 /* GameSelection */,
				30CB41012F8E4B9900699281 /* Main */,
				30CB41042F8E4B9900699281 /* Onboarding */,
				30CB41062F8E4B9900699281 /* Settings */,
			);
			path = Features;
			sourceTree = "<group>";
		};
		30CB410D2F8E4B9900699281 /* Components */ = {
			isa = PBXGroup;
			children = (
				30CB41082F8E4B9900699281 /* AppCells.swift */,
				30CB41092F8E4B9900699281 /* AppCellSurface.swift */,
				30CB410A2F8E4B9900699281 /* LayeredBackgroundView.swift */,
				30CB410B2F8E4B9900699281 /* PlayHeroBanner.swift */,
				30CB410C2F8E4B9900699281 /* PressableScaleButtonStyle.swift */,
			);
			path = Components;
			sourceTree = "<group>";
		};
		30CB410E2F8E4B9900699281 /* Theme */ = {
			isa = PBXGroup;
			children = (
			);
			path = Theme;
			sourceTree = "<group>";
		};
		30CB410F2F8E4B9900699281 /* UI */ = {
			isa = PBXGroup;
			children = (
				30CB410D2F8E4B9900699281 /* Components */,
				30CB410E2F8E4B9900699281 /* Theme */,
			);
			path = UI;
			sourceTree = "<group>";
		};
		30CB41192F8E4B9900699281 /* 138StrinoxflilMepansex */ = {
			isa = PBXGroup;
			children = (
				309A321C2F94D74800BD428F /* 138StrinoxflilMepansex.entitlements */,
				30CB40E02F8E4B9900699281 /* App */,
				30CB40EB2F8E4B9900699281 /* Core */,
				30CB41072F8E4B9900699281 /* Features */,
				30CB410F2F8E4B9900699281 /* UI */,
				30CB41102F8E4B9900699281 /* AppDelegate.swift */,
				30CB41112F8E4B9900699281 /* Assets.xcassets */,
				30CB41122F8E4B9900699281 /* Info.plist */,
				30CB41142F8E4B9900699281 /* LaunchScreen.storyboard */,
				30CB41162F8E4B9900699281 /* Main.storyboard */,
				30CB41172F8E4B9900699281 /* SceneDelegate.swift */,
				30CB41182F8E4B9900699281 /* ViewController.swift */,
				309A320E2F94D70E00BD428F /* Loading */,
				309A323B2F94D8FF00BD428F /* GoogleService-Info.plist */,
			);
			path = 138StrinoxflilMepansex;
			sourceTree = "<group>";
		};
		52A9FC8197C8EBF6EB9001B3 /* Pods */ = {
			isa = PBXGroup;
			children = (
				5B1F994E3B7721EEB9F972ED /* Pods-138StrinoxflilMepansex.debug.xcconfig */,
				FC544BEB8BA4A1F1DF617E52 /* Pods-138StrinoxflilMepansex.release.xcconfig */,
			);
			path = Pods;
			sourceTree = "<group>";
		};
		DF58B98E95A1263F8DA1BCC7 /* Frameworks */ = {
			isa = PBXGroup;
			children = (
				A1A236CA453F2A2D63A6F2F3 /* Pods_138StrinoxflilMepansex.framework */,
			);
			name = Frameworks;
			sourceTree = "<group>";
		};
/* End PBXGroup section */

/* Begin PBXNativeTarget section */
		309A32202F94D75B00BD428F /* NotificationServiceExtension */ = {
			isa = PBXNativeTarget;
			buildConfigurationList = 309A322A2F94D75B00BD428F /* Build configuration list for PBXNativeTarget "NotificationServiceExtension" */;
			buildPhases = (
				309A321D2F94D75B00BD428F /* Sources */,
				309A321E2F94D75B00BD428F /* Frameworks */,
				309A321F2F94D75B00BD428F /* Resources */,
			);
			buildRules = (
			);
			dependencies = (
			);
			name = NotificationServiceExtension;
			packageProductDependencies = (
				309A32342F94D7C500BD428F /* FirebaseMessaging */,
			);
			productName = NotificationServiceExtension;
			productReference = 309A32212F94D75B00BD428F /* NotificationServiceExtension.appex */;
			productType = "com.apple.product-type.app-extension";
		};
		30CB3FD62F8E3BC300699281 /* 138StrinoxflilMepansex */ = {
			isa = PBXNativeTarget;
			buildConfigurationList = 30CB3FEA2F8E3BC400699281 /* Build configuration list for PBXNativeTarget "138StrinoxflilMepansex" */;
			buildPhases = (
				0D370ADBED4BBA2BF84DE8F7 /* [CP] Check Pods Manifest.lock */,
				30CB3FD32F8E3BC300699281 /* Sources */,
				30CB3FD42F8E3BC300699281 /* Frameworks */,
				30CB3FD52F8E3BC300699281 /* Resources */,
				309A322D2F94D75B00BD428F /* Embed Foundation Extensions */,
			);
			buildRules = (
			);
			dependencies = (
				309A32272F94D75B00BD428F /* PBXTargetDependency */,
			);
			name = 138StrinoxflilMepansex;
			productName = 138StrinoxflilMepansex;
			productReference = 30CB3FD72F8E3BC300699281 /* 138StrinoxflilMepansex.app */;
			productType = "com.apple.product-type.application";
		};
/* End PBXNativeTarget section */

/* Begin PBXProject section */
		30CB3FCF2F8E3BC300699281 /* Project object */ = {
			isa = PBXProject;
			attributes = {
				BuildIndependentTargetsInParallel = 1;
				LastSwiftUpdateCheck = 2640;
				LastUpgradeCheck = 2640;
				TargetAttributes = {
					309A32202F94D75B00BD428F = {
						CreatedOnToolsVersion = 26.4.1;
					};
					30CB3FD62F8E3BC300699281 = {
						CreatedOnToolsVersion = 26.4;
					};
				};
			};
			buildConfigurationList = 30CB3FD22F8E3BC300699281 /* Build configuration list for PBXProject "138StrinoxflilMepansex" */;
			compatibilityVersion = "Xcode 15.0";
			developmentRegion = en;
			hasScannedForEncodings = 0;
			knownRegions = (
				en,
				Base,
			);
			mainGroup = 30CB3FCE2F8E3BC300699281;
			packageReferences = (
				309A322E2F94D78100BD428F /* XCRemoteSwiftPackageReference "AppsFlyerFramework-Static" */,
				309A32312F94D7BB00BD428F /* XCRemoteSwiftPackageReference "firebase-ios-sdk" */,
			);
			productRefGroup = 30CB3FD82F8E3BC300699281 /* Products */;
			projectDirPath = "";
			projectRoot = "";
			targets = (
				30CB3FD62F8E3BC300699281 /* 138StrinoxflilMepansex */,
				309A32202F94D75B00BD428F /* NotificationServiceExtension */,
			);
		};
/* End PBXProject section */

/* Begin PBXResourcesBuildPhase section */
		309A321F2F94D75B00BD428F /* Resources */ = {
			isa = PBXResourcesBuildPhase;
			buildActionMask = 2147483647;
			files = (
			);
			runOnlyForDeploymentPostprocessing = 0;
		};
		30CB3FD52F8E3BC300699281 /* Resources */ = {
			isa = PBXResourcesBuildPhase;
			buildActionMask = 2147483647;
			files = (
				30CB41392F8E4B9900699281 /* Assets.xcassets in Resources */,
				309A323C2F94D8FF00BD428F /* GoogleService-Info.plist in Resources */,
				30CB413B2F8E4B9900699281 /* LaunchScreen.storyboard in Resources */,
				30CB413C2F8E4B9900699281 /* Main.storyboard in Resources */,
			);
			runOnlyForDeploymentPostprocessing = 0;
		};
/* End PBXResourcesBuildPhase section */

/* Begin PBXShellScriptBuildPhase section */
		0D370ADBED4BBA2BF84DE8F7 /* [CP] Check Pods Manifest.lock */ = {
			isa = PBXShellScriptBuildPhase;
			buildActionMask = 2147483647;
			files = (
			);
			inputFileListPaths = (
			);
			inputPaths = (
				"${PODS_PODFILE_DIR_PATH}/Podfile.lock",
				"${PODS_ROOT}/Manifest.lock",
			);
			name = "[CP] Check Pods Manifest.lock";
			outputFileListPaths = (
			);
			outputPaths = (
				"$(DERIVED_FILE_DIR)/Pods-138StrinoxflilMepansex-checkManifestLockResult.txt",
			);
			runOnlyForDeploymentPostprocessing = 0;
			shellPath = /bin/sh;
			shellScript = "diff \"${PODS_PODFILE_DIR_PATH}/Podfile.lock\" \"${PODS_ROOT}/Manifest.lock\" > /dev/null\nif [ $? != 0 ] ; then\n    # print error to STDERR\n    echo \"error: The sandbox is not in sync with the Podfile.lock. Run 'pod install' or update your CocoaPods installation.\" >&2\n    exit 1\nfi\n# This output is used by Xcode 'outputs' to avoid re-running this script phase.\necho \"SUCCESS\" > \"${SCRIPT_OUTPUT_FILE_0}\"\n";
			showEnvVarsInLog = 0;
		};
/* End PBXShellScriptBuildPhase section */

/* Begin PBXSourcesBuildPhase section */
		309A321D2F94D75B00BD428F /* Sources */ = {
			isa = PBXSourcesBuildPhase;
			buildActionMask = 2147483647;
			files = (
				309A323A2F94D7EA00BD428F /* NotificationService.swift in Sources */,
			);
			runOnlyForDeploymentPostprocessing = 0;
		};
		30CB3FD32F8E3BC300699281 /* Sources */ = {
			isa = PBXSourcesBuildPhase;
			buildActionMask = 2147483647;
			files = (
				30CB411A2F8E4B9900699281 /* ContentView.swift in Sources */,
				30CB411B2F8E4B9900699281 /* AppExternalLinks.swift in Sources */,
				30CB411C2F8E4B9900699281 /* PolylineGeometry.swift in Sources */,
				30CB411D2F8E4B9900699281 /* GameModels.swift in Sources */,
				30CB411E2F8E4B9900699281 /* AppNotifications.swift in Sources */,
				30CB411F2F8E4B9900699281 /* GameStorage.swift in Sources */,
				30CB41202F8E4B9900699281 /* AchievementsView.swift in Sources */,
				30CB41212F8E4B9900699281 /* PathTracerData.swift in Sources */,
				30CB41222F8E4B9900699281 /* PathTracerView.swift in Sources */,
				30CB41232F8E4B9900699281 /* PathTracerViewModel.swift in Sources */,
				30CB41242F8E4B9900699281 /* PrecisionDropView.swift in Sources */,
				30CB41252F8E4B9900699281 /* PrecisionDropViewModel.swift in Sources */,
				30CB41262F8E4B9900699281 /* LevelResultView.swift in Sources */,
				30CB41272F8E4B9900699281 /* StackRushPlayfieldVisuals.swift in Sources */,
				30CB41282F8E4B9900699281 /* StackRushView.swift in Sources */,
				30CB41292F8E4B9900699281 /* StackRushViewModel.swift in Sources */,
				30CB412A2F8E4B9900699281 /* GameSelectionView.swift in Sources */,
				30CB412B2F8E4B9900699281 /* CustomTabBar.swift in Sources */,
				309A320F2F94D70E00BD428F /* LoadingView.swift in Sources */,
				309A32102F94D70E00BD428F /* LoadingManager.swift in Sources */,
				309A32112F94D70E00BD428F /* NotificationPermissionManager.swift in Sources */,
				309A32122F94D70E00BD428F /* PushNotificationURLRouter.swift in Sources */,
				309A32132F94D70E00BD428F /* WebviewVC.swift in Sources */,
				309A32142F94D70E00BD428F /* LoadingViewController.swift in Sources */,
				309A32152F94D70E00BD428F /* NetworkAvailability.swift in Sources */,
				309A32162F94D70E00BD428F /* AppsFlyerManager.swift in Sources */,
				309A32172F94D70E00BD428F /* NotificationPermissionViewController.swift in Sources */,
				309A32182F94D70E00BD428F /* UserAgentBuilder.swift in Sources */,
				309A32192F94D70E00BD428F /* ConfigManager.swift in Sources */,
				309A321A2F94D70E00BD428F /* NotificationPermissionView.swift in Sources */,
				309A321B2F94D70E00BD428F /* NoInternetView.swift in Sources */,
				30CB412C2F8E4B9900699281 /* HomeView.swift in Sources */,
				30CB412D2F8E4B9900699281 /* MainTabView.swift in Sources */,
				30CB412E2F8E4B9900699281 /* OnboardingView.swift in Sources */,
				30CB412F2F8E4B9900699281 /* OnboardingViewModel.swift in Sources */,
				30CB41302F8E4B9900699281 /* SettingsView.swift in Sources */,
				30CB41312F8E4B9900699281 /* AppCells.swift in Sources */,
				30CB41322F8E4B9900699281 /* AppCellSurface.swift in Sources */,
				30CB41332F8E4B9900699281 /* LayeredBackgroundView.swift in Sources */,
				30CB41342F8E4B9900699281 /* PlayHeroBanner.swift in Sources */,
				30CB41352F8E4B9900699281 /* PressableScaleButtonStyle.swift in Sources */,
				30CB41362F8E4B9900699281 /* AppDelegate.swift in Sources */,
				30CB41372F8E4B9900699281 /* SceneDelegate.swift in Sources */,
				30CB41382F8E4B9900699281 /* ViewController.swift in Sources */,
			);
			runOnlyForDeploymentPostprocessing = 0;
		};
/* End PBXSourcesBuildPhase section */

/* Begin PBXTargetDependency section */
		309A32272F94D75B00BD428F /* PBXTargetDependency */ = {
			isa = PBXTargetDependency;
			target = 309A32202F94D75B00BD428F /* NotificationServiceExtension */;
			targetProxy = 309A32262F94D75B00BD428F /* PBXContainerItemProxy */;
		};
/* End PBXTargetDependency section */

/* Begin PBXVariantGroup section */
		30CB41142F8E4B9900699281 /* LaunchScreen.storyboard */ = {
			isa = PBXVariantGroup;
			children = (
				30CB41132F8E4B9900699281 /* Base */,
			);
			name = LaunchScreen.storyboard;
			sourceTree = "<group>";
		};
		30CB41162F8E4B9900699281 /* Main.storyboard */ = {
			isa = PBXVariantGroup;
			children = (
				30CB41152F8E4B9900699281 /* Base */,
			);
			name = Main.storyboard;
			sourceTree = "<group>";
		};
/* End PBXVariantGroup section */

/* Begin XCBuildConfiguration section */
		309A322B2F94D75B00BD428F /* Debug */ = {
			isa = XCBuildConfiguration;
			buildSettings = {
				CODE_SIGN_STYLE = Automatic;
				CURRENT_PROJECT_VERSION = 1;
				GENERATE_INFOPLIST_FILE = YES;
				INFOPLIST_FILE = NotificationServiceExtension/Info.plist;
				INFOPLIST_KEY_CFBundleDisplayName = NotificationServiceExtension;
				INFOPLIST_KEY_NSHumanReadableCopyright = "";
				IPHONEOS_DEPLOYMENT_TARGET = 16.6;
				LD_RUNPATH_SEARCH_PATHS = (
					"$(inherited)",
					"@executable_path/Frameworks",
					"@executable_path/../../Frameworks",
				);
				MARKETING_VERSION = 1.1;
				PRODUCT_BUNDLE_IDENTIFIER = com.dai.str9n0xfl2lm3p0ns.NotificationServiceExtension;
				PRODUCT_NAME = "$(TARGET_NAME)";
				SKIP_INSTALL = YES;
				STRING_CATALOG_GENERATE_SYMBOLS = YES;
				SUPPORTED_PLATFORMS = "iphoneos iphonesimulator";
				SUPPORTS_MACCATALYST = NO;
				SUPPORTS_MAC_DESIGNED_FOR_IPHONE_IPAD = NO;
				SUPPORTS_XR_DESIGNED_FOR_IPHONE_IPAD = NO;
				SWIFT_APPROACHABLE_CONCURRENCY = YES;
				SWIFT_EMIT_LOC_STRINGS = YES;
				SWIFT_UPCOMING_FEATURE_MEMBER_IMPORT_VISIBILITY = YES;
				SWIFT_VERSION = 5.0;
				TARGETED_DEVICE_FAMILY = 1;
			};
			name = Debug;
		};
		309A322C2F94D75B00BD428F /* Release */ = {
			isa = XCBuildConfiguration;
			buildSettings = {
				CODE_SIGN_STYLE = Automatic;
				CURRENT_PROJECT_VERSION = 1;
				GENERATE_INFOPLIST_FILE = YES;
				INFOPLIST_FILE = NotificationServiceExtension/Info.plist;
				INFOPLIST_KEY_CFBundleDisplayName = NotificationServiceExtension;
				INFOPLIST_KEY_NSHumanReadableCopyright = "";
				IPHONEOS_DEPLOYMENT_TARGET = 16.6;
				LD_RUNPATH_SEARCH_PATHS = (
					"$(inherited)",
					"@executable_path/Frameworks",
					"@executable_path/../../Frameworks",
				);
				MARKETING_VERSION = 1.1;
				PRODUCT_BUNDLE_IDENTIFIER = com.dai.str9n0xfl2lm3p0ns.NotificationServiceExtension;
				PRODUCT_NAME = "$(TARGET_NAME)";
				SKIP_INSTALL = YES;
				STRING_CATALOG_GENERATE_SYMBOLS = YES;
				SUPPORTED_PLATFORMS = "iphoneos iphonesimulator";
				SUPPORTS_MACCATALYST = NO;
				SUPPORTS_MAC_DESIGNED_FOR_IPHONE_IPAD = NO;
				SUPPORTS_XR_DESIGNED_FOR_IPHONE_IPAD = NO;
				SWIFT_APPROACHABLE_CONCURRENCY = YES;
				SWIFT_EMIT_LOC_STRINGS = YES;
				SWIFT_UPCOMING_FEATURE_MEMBER_IMPORT_VISIBILITY = YES;
				SWIFT_VERSION = 5.0;
				TARGETED_DEVICE_FAMILY = 1;
			};
			name = Release;
		};
		30CB3FEB2F8E3BC400699281 /* Debug */ = {
			isa = XCBuildConfiguration;
			baseConfigurationReference = 5B1F994E3B7721EEB9F972ED /* Pods-138StrinoxflilMepansex.debug.xcconfig */;
			buildSettings = {
				ASSETCATALOG_COMPILER_APPICON_NAME = AppIcon;
				ASSETCATALOG_COMPILER_GLOBAL_ACCENT_COLOR_NAME = AccentColor;
				CODE_SIGN_ENTITLEMENTS = 138StrinoxflilMepansex/138StrinoxflilMepansex.entitlements;
				CODE_SIGN_STYLE = Automatic;
				CURRENT_PROJECT_VERSION = 1;
				GENERATE_INFOPLIST_FILE = YES;
				INFOPLIST_FILE = 138StrinoxflilMepansex/Info.plist;
				INFOPLIST_KEY_CFBundleDisplayName = "Strinoxflil Mepansex";
				INFOPLIST_KEY_UIApplicationSupportsIndirectInputEvents = YES;
				INFOPLIST_KEY_UILaunchStoryboardName = LaunchScreen;
				INFOPLIST_KEY_UIMainStoryboardFile = Main;
				INFOPLIST_KEY_UIRequiresFullScreen = YES;
				INFOPLIST_KEY_UISupportedInterfaceOrientations = UIInterfaceOrientationPortrait;
				INFOPLIST_KEY_UISupportedInterfaceOrientations_iPad = UIInterfaceOrientationPortrait;
				INFOPLIST_KEY_UISupportedInterfaceOrientations_iPhone = UIInterfaceOrientationPortrait;
				IPHONEOS_DEPLOYMENT_TARGET = 16.6;
				LD_RUNPATH_SEARCH_PATHS = (
					"$(inherited)",
					"@executable_path/Frameworks",
				);
				MARKETING_VERSION = 1.1.1;
				PRODUCT_BUNDLE_IDENTIFIER = com.dai.str9n0xfl2lm3p0ns;
				PRODUCT_NAME = "$(TARGET_NAME)";
				STRING_CATALOG_GENERATE_SYMBOLS = YES;
				SUPPORTED_PLATFORMS = "iphoneos iphonesimulator";
				SUPPORTS_MACCATALYST = NO;
				SUPPORTS_MAC_DESIGNED_FOR_IPHONE_IPAD = NO;
				SUPPORTS_XR_DESIGNED_FOR_IPHONE_IPAD = NO;
				SWIFT_APPROACHABLE_CONCURRENCY = YES;
				SWIFT_DEFAULT_ACTOR_ISOLATION = MainActor;
				SWIFT_EMIT_LOC_STRINGS = YES;
				SWIFT_UPCOMING_FEATURE_MEMBER_IMPORT_VISIBILITY = YES;
				SWIFT_VERSION = 5.0;
				TARGETED_DEVICE_FAMILY = 1;
			};
			name = Debug;
		};
		30CB3FEC2F8E3BC400699281 /* Release */ = {
			isa = XCBuildConfiguration;
			baseConfigurationReference = FC544BEB8BA4A1F1DF617E52 /* Pods-138StrinoxflilMepansex.release.xcconfig */;
			buildSettings = {
				ASSETCATALOG_COMPILER_APPICON_NAME = AppIcon;
				ASSETCATALOG_COMPILER_GLOBAL_ACCENT_COLOR_NAME = AccentColor;
				CODE_SIGN_ENTITLEMENTS = 138StrinoxflilMepansex/138StrinoxflilMepansex.entitlements;
				CODE_SIGN_STYLE = Automatic;
				CURRENT_PROJECT_VERSION = 1;
				GENERATE_INFOPLIST_FILE = YES;
				INFOPLIST_FILE = 138StrinoxflilMepansex/Info.plist;
				INFOPLIST_KEY_CFBundleDisplayName = "Strinoxflil Mepansex";
				INFOPLIST_KEY_UIApplicationSupportsIndirectInputEvents = YES;
				INFOPLIST_KEY_UILaunchStoryboardName = LaunchScreen;
				INFOPLIST_KEY_UIMainStoryboardFile = Main;
				INFOPLIST_KEY_UIRequiresFullScreen = YES;
				INFOPLIST_KEY_UISupportedInterfaceOrientations = UIInterfaceOrientationPortrait;
				INFOPLIST_KEY_UISupportedInterfaceOrientations_iPad = UIInterfaceOrientationPortrait;
				INFOPLIST_KEY_UISupportedInterfaceOrientations_iPhone = UIInterfaceOrientationPortrait;
				IPHONEOS_DEPLOYMENT_TARGET = 16.6;
				LD_RUNPATH_SEARCH_PATHS = (
					"$(inherited)",
					"@executable_path/Frameworks",
				);
				MARKETING_VERSION = 1.1.1;
				PRODUCT_BUNDLE_IDENTIFIER = com.dai.str9n0xfl2lm3p0ns;
				PRODUCT_NAME = "$(TARGET_NAME)";
				STRING_CATALOG_GENERATE_SYMBOLS = YES;
				SUPPORTED_PLATFORMS = "iphoneos iphonesimulator";
				SUPPORTS_MACCATALYST = NO;
				SUPPORTS_MAC_DESIGNED_FOR_IPHONE_IPAD = NO;
				SUPPORTS_XR_DESIGNED_FOR_IPHONE_IPAD = NO;
				SWIFT_APPROACHABLE_CONCURRENCY = YES;
				SWIFT_DEFAULT_ACTOR_ISOLATION = MainActor;
				SWIFT_EMIT_LOC_STRINGS = YES;
				SWIFT_UPCOMING_FEATURE_MEMBER_IMPORT_VISIBILITY = YES;
				SWIFT_VERSION = 5.0;
				TARGETED_DEVICE_FAMILY = 1;
			};
			name = Release;
		};
		30CB3FED2F8E3BC400699281 /* Debug */ = {
			isa = XCBuildConfiguration;
			buildSettings = {
				ALWAYS_SEARCH_USER_PATHS = NO;
				ASSETCATALOG_COMPILER_GENERATE_SWIFT_ASSET_SYMBOL_EXTENSIONS = YES;
				CLANG_ANALYZER_NONNULL = YES;
				CLANG_ANALYZER_NUMBER_OBJECT_CONVERSION = YES_AGGRESSIVE;
				CLANG_CXX_LANGUAGE_STANDARD = "gnu++20";
				CLANG_ENABLE_MODULES = YES;
				CLANG_ENABLE_OBJC_ARC = YES;
				CLANG_ENABLE_OBJC_WEAK = YES;
				CLANG_WARN_BLOCK_CAPTURE_AUTORELEASING = YES;
				CLANG_WARN_BOOL_CONVERSION = YES;
				CLANG_WARN_COMMA = YES;
				CLANG_WARN_CONSTANT_CONVERSION = YES;
				CLANG_WARN_DEPRECATED_OBJC_IMPLEMENTATIONS = YES;
				CLANG_WARN_DIRECT_OBJC_ISA_USAGE = YES_ERROR;
				CLANG_WARN_DOCUMENTATION_COMMENTS = YES;
				CLANG_WARN_EMPTY_BODY = YES;
				CLANG_WARN_ENUM_CONVERSION = YES;
				CLANG_WARN_INFINITE_RECURSION = YES;
				CLANG_WARN_INT_CONVERSION = YES;
				CLANG_WARN_NON_LITERAL_NULL_CONVERSION = YES;
				CLANG_WARN_OBJC_IMPLICIT_RETAIN_SELF = YES;
				CLANG_WARN_OBJC_LITERAL_CONVERSION = YES;
				CLANG_WARN_OBJC_ROOT_CLASS = YES_ERROR;
				CLANG_WARN_QUOTED_INCLUDE_IN_FRAMEWORK_HEADER = YES;
				CLANG_WARN_RANGE_LOOP_ANALYSIS = YES;
				CLANG_WARN_STRICT_PROTOTYPES = YES;
				CLANG_WARN_SUSPICIOUS_MOVE = YES;
				CLANG_WARN_UNGUARDED_AVAILABILITY = YES_AGGRESSIVE;
				CLANG_WARN_UNREACHABLE_CODE = YES;
				CLANG_WARN__DUPLICATE_METHOD_MATCH = YES;
				COPY_PHASE_STRIP = NO;
				DEBUG_INFORMATION_FORMAT = dwarf;
				ENABLE_STRICT_OBJC_MSGSEND = YES;
				ENABLE_TESTABILITY = YES;
				ENABLE_USER_SCRIPT_SANDBOXING = YES;
				GCC_C_LANGUAGE_STANDARD = gnu17;
				GCC_DYNAMIC_NO_PIC = NO;
				GCC_NO_COMMON_BLOCKS = YES;
				GCC_OPTIMIZATION_LEVEL = 0;
				GCC_PREPROCESSOR_DEFINITIONS = (
					"DEBUG=1",
					"$(inherited)",
				);
				GCC_WARN_64_TO_32_BIT_CONVERSION = YES;
				GCC_WARN_ABOUT_RETURN_TYPE = YES_ERROR;
				GCC_WARN_UNDECLARED_SELECTOR = YES;
				GCC_WARN_UNINITIALIZED_AUTOS = YES_AGGRESSIVE;
				GCC_WARN_UNUSED_FUNCTION = YES;
				GCC_WARN_UNUSED_VARIABLE = YES;
				IPHONEOS_DEPLOYMENT_TARGET = 26.4;
				LOCALIZATION_PREFERS_STRING_CATALOGS = YES;
				MTL_ENABLE_DEBUG_INFO = INCLUDE_SOURCE;
				MTL_FAST_MATH = YES;
				ONLY_ACTIVE_ARCH = YES;
				SDKROOT = iphoneos;
				SWIFT_ACTIVE_COMPILATION_CONDITIONS = "DEBUG $(inherited)";
				SWIFT_OPTIMIZATION_LEVEL = "-Onone";
			};
			name = Debug;
		};
		30CB3FEE2F8E3BC400699281 /* Release */ = {
			isa = XCBuildConfiguration;
			buildSettings = {
				ALWAYS_SEARCH_USER_PATHS = NO;
				ASSETCATALOG_COMPILER_GENERATE_SWIFT_ASSET_SYMBOL_EXTENSIONS = YES;
				CLANG_ANALYZER_NONNULL = YES;
				CLANG_ANALYZER_NUMBER_OBJECT_CONVERSION = YES_AGGRESSIVE;
				CLANG_CXX_LANGUAGE_STANDARD = "gnu++20";
				CLANG_ENABLE_MODULES = YES;
				CLANG_ENABLE_OBJC_ARC = YES;
				CLANG_ENABLE_OBJC_WEAK = YES;
				CLANG_WARN_BLOCK_CAPTURE_AUTORELEASING = YES;
				CLANG_WARN_BOOL_CONVERSION = YES;
				CLANG_WARN_COMMA = YES;
				CLANG_WARN_CONSTANT_CONVERSION = YES;
				CLANG_WARN_DEPRECATED_OBJC_IMPLEMENTATIONS = YES;
				CLANG_WARN_DIRECT_OBJC_ISA_USAGE = YES_ERROR;
				CLANG_WARN_DOCUMENTATION_COMMENTS = YES;
				CLANG_WARN_EMPTY_BODY = YES;
				CLANG_WARN_ENUM_CONVERSION = YES;
				CLANG_WARN_INFINITE_RECURSION = YES;
				CLANG_WARN_INT_CONVERSION = YES;
				CLANG_WARN_NON_LITERAL_NULL_CONVERSION = YES;
				CLANG_WARN_OBJC_IMPLICIT_RETAIN_SELF = YES;
				CLANG_WARN_OBJC_LITERAL_CONVERSION = YES;
				CLANG_WARN_OBJC_ROOT_CLASS = YES_ERROR;
				CLANG_WARN_QUOTED_INCLUDE_IN_FRAMEWORK_HEADER = YES;
				CLANG_WARN_RANGE_LOOP_ANALYSIS = YES;
				CLANG_WARN_STRICT_PROTOTYPES = YES;
				CLANG_WARN_SUSPICIOUS_MOVE = YES;
				CLANG_WARN_UNGUARDED_AVAILABILITY = YES_AGGRESSIVE;
				CLANG_WARN_UNREACHABLE_CODE = YES;
				CLANG_WARN__DUPLICATE_METHOD_MATCH = YES;
				COPY_PHASE_STRIP = NO;
				DEBUG_INFORMATION_FORMAT = "dwarf-with-dsym";
				ENABLE_NS_ASSERTIONS = NO;
				ENABLE_STRICT_OBJC_MSGSEND = YES;
				ENABLE_USER_SCRIPT_SANDBOXING = YES;
				GCC_C_LANGUAGE_STANDARD = gnu17;
				GCC_NO_COMMON_BLOCKS = YES;
				GCC_WARN_64_TO_32_BIT_CONVERSION = YES;
				GCC_WARN_ABOUT_RETURN_TYPE = YES_ERROR;
				GCC_WARN_UNDECLARED_SELECTOR = YES;
				GCC_WARN_UNINITIALIZED_AUTOS = YES_AGGRESSIVE;
				GCC_WARN_UNUSED_FUNCTION = YES;
				GCC_WARN_UNUSED_VARIABLE = YES;
				IPHONEOS_DEPLOYMENT_TARGET = 26.4;
				LOCALIZATION_PREFERS_STRING_CATALOGS = YES;
				MTL_ENABLE_DEBUG_INFO = NO;
				MTL_FAST_MATH = YES;
				SDKROOT = iphoneos;
				SWIFT_COMPILATION_MODE = wholemodule;
				VALIDATE_PRODUCT = YES;
			};
			name = Release;
		};
/* End XCBuildConfiguration section */

/* Begin XCConfigurationList section */
		309A322A2F94D75B00BD428F /* Build configuration list for PBXNativeTarget "NotificationServiceExtension" */ = {
			isa = XCConfigurationList;
			buildConfigurations = (
				309A322B2F94D75B00BD428F /* Debug */,
				309A322C2F94D75B00BD428F /* Release */,
			);
			defaultConfigurationIsVisible = 0;
			defaultConfigurationName = Release;
		};
		30CB3FD22F8E3BC300699281 /* Build configuration list for PBXProject "138StrinoxflilMepansex" */ = {
			isa = XCConfigurationList;
			buildConfigurations = (
				30CB3FED2F8E3BC400699281 /* Debug */,
				30CB3FEE2F8E3BC400699281 /* Release */,
			);
			defaultConfigurationIsVisible = 0;
			defaultConfigurationName = Release;
		};
		30CB3FEA2F8E3BC400699281 /* Build configuration list for PBXNativeTarget "138StrinoxflilMepansex" */ = {
			isa = XCConfigurationList;
			buildConfigurations = (
				30CB3FEB2F8E3BC400699281 /* Debug */,
				30CB3FEC2F8E3BC400699281 /* Release */,
			);
			defaultConfigurationIsVisible = 0;
			defaultConfigurationName = Release;
		};
/* End XCConfigurationList section */

/* Begin XCRemoteSwiftPackageReference section */
		309A322E2F94D78100BD428F /* XCRemoteSwiftPackageReference "AppsFlyerFramework-Static" */ = {
			isa = XCRemoteSwiftPackageReference;
			repositoryURL = "https://github.com/AppsFlyerSDK/AppsFlyerFramework-Static";
			requirement = {
				kind = upToNextMajorVersion;
				minimumVersion = 6.17.9;
			};
		};
		309A32312F94D7BB00BD428F /* XCRemoteSwiftPackageReference "firebase-ios-sdk" */ = {
			isa = XCRemoteSwiftPackageReference;
			repositoryURL = "https://github.com/firebase/firebase-ios-sdk";
			requirement = {
				kind = upToNextMajorVersion;
				minimumVersion = 12.12.1;
			};
		};
/* End XCRemoteSwiftPackageReference section */

/* Begin XCSwiftPackageProductDependency section */
		309A322F2F94D78900BD428F /* AppsFlyerLib-Static */ = {
			isa = XCSwiftPackageProductDependency;
			package = 309A322E2F94D78100BD428F /* XCRemoteSwiftPackageReference "AppsFlyerFramework-Static" */;
			productName = "AppsFlyerLib-Static";
		};
		309A32322F94D7BC00BD428F /* FirebaseMessaging */ = {
			isa = XCSwiftPackageProductDependency;
			package = 309A32312F94D7BB00BD428F /* XCRemoteSwiftPackageReference "firebase-ios-sdk" */;
			productName = FirebaseMessaging;
		};
		309A32342F94D7C500BD428F /* FirebaseMessaging */ = {
			isa = XCSwiftPackageProductDependency;
			package = 309A32312F94D7BB00BD428F /* XCRemoteSwiftPackageReference "firebase-ios-sdk" */;
			productName = FirebaseMessaging;
		};
/* End XCSwiftPackageProductDependency section */
	};
	rootObject = 30CB3FCF2F8E3BC300699281 /* Project object */;
}
